
Microsoft Visual Studio Solution File, Format Version 12.00
# Visual Studio Version 16
VisualStudioVersion = 16.0.31702.278
MinimumVisualStudioVersion = 10.0.40219.1
Project("{FAE04EC0-301F-11D3-BF4B-00C04F79EFBC}") = "meuPrimeiroProgramaCSharp", "meuPrimeiroProgramaCSharp\meuPrimeiroProgramaCSharp.csproj", "{20F605BE-C74B-4555-B221-118211549A6A}"
EndProject
Project("{FAE04EC0-301F-11D3-BF4B-00C04F79EFBC}") = "CriandoVariaveis", "CriandoVariaveis\CriandoVariaveis.csproj", "{FDC972D2-DD3C-4805-B8F0-19307B3A6B1E}"
EndProject
Global
	GlobalSection(SolutionConfigurationPlatforms) = preSolution
		Debug|Any CPU = Debug|Any CPU
		Release|Any CPU = Release|Any CPU
	EndGlobalSection
	GlobalSection(ProjectConfigurationPlatforms) = postSolution
		{20F605BE-C74B-4555-B221-118211549A6A}.Debug|Any CPU.ActiveCfg = Debug|Any CPU
		{20F605BE-C74B-4555-B221-118211549A6A}.Debug|Any CPU.Build.0 = Debug|Any CPU
		{20F605BE-C74B-4555-B221-118211549A6A}.Release|Any CPU.ActiveCfg = Release|Any CPU
		{20F605BE-C74B-4555-B221-118211549A6A}.Release|Any CPU.Build.0 = Release|Any CPU
		{FDC972D2-DD3C-4805-B8F0-19307B3A6B1E}.Debug|Any CPU.ActiveCfg = Debug|Any CPU
		{FDC972D2-DD3C-4805-B8F0-19307B3A6B1E}.Debug|Any CPU.Build.0 = Debug|Any CPU
		{FDC972D2-DD3C-4805-B8F0-19307B3A6B1E}.Release|Any CPU.ActiveCfg = Release|Any CPU
		{FDC972D2-DD3C-4805-B8F0-19307B3A6B1E}.Release|Any CPU.Build.0 = Release|Any CPU
	EndGlobalSection
	GlobalSection(SolutionProperties) = preSolution
		HideSolutionNode = FALSE
	EndGlobalSection
	GlobalSection(ExtensibilityGlobals) = postSolution
		SolutionGuid = {F6AB0CE2-880C-4693-B832-4F2A1C75E548}
	EndGlobalSection
EndGlobal
